
Microsoft Visual Studio Solution File, Format Version 12.00
# Visual Studio 15
VisualStudioVersion = 15.0.27428.1
MinimumVisualStudioVersion = 10.0.40219.1
Project("{FAE04EC0-301F-11D3-BF4B-00C04F79EFBC}") = "DemoService", "DemoService\DemoService.csproj", "{480D64E1-AEEB-471D-8CA4-859C68F395E1}"
EndProject
Global
	GlobalSection(SolutionConfigurationPlatforms) = preSolution
		Debug|Any CPU = Debug|Any CPU
		Release|Any CPU = Release|Any CPU
	EndGlobalSection
	GlobalSection(ProjectConfigurationPlatforms) = postSolution
		{480D64E1-AEEB-471D-8CA4-859C68F395E1}.Debug|Any CPU.ActiveCfg = Debug|Any CPU
		{480D64E1-AEEB-471D-8CA4-859C68F395E1}.Debug|Any CPU.Build.0 = Debug|Any CPU
		{480D64E1-AEEB-471D-8CA4-859C68F395E1}.Release|Any CPU.ActiveCfg = Release|Any CPU
		{480D64E1-AEEB-471D-8CA4-859C68F395E1}.Release|Any CPU.Build.0 = Release|Any CPU
	EndGlobalSection
	GlobalSection(SolutionProperties) = preSolution
		HideSolutionNode = FALSE
	EndGlobalSection
	GlobalSection(ExtensibilityGlobals) = postSolution
		SolutionGuid = {C258D4FC-C8B8-4DE1-825D-FBF1833B23A8}
	EndGlobalSection
EndGlobal
